
Microsoft Visual Studio Solution File, Format Version 12.00
# Visual Studio Version 17
VisualStudioVersion = 17.10.35027.167
MinimumVisualStudioVersion = 10.0.40219.1
Project("{FAE04EC0-301F-11D3-BF4B-00C04F79EFBC}") = "InheritanceExample", "InheritanceExample\InheritanceExample.csproj", "{F645BB77-E343-48E2-B1CA-A1FDB0D47AA8}"
EndProject
Global
	GlobalSection(SolutionConfigurationPlatforms) = preSolution
		Debug|Any CPU = Debug|Any CPU
		Release|Any CPU = Release|Any CPU
	EndGlobalSection
	GlobalSection(ProjectConfigurationPlatforms) = postSolution
		{F645BB77-E343-48E2-B1CA-A1FDB0D47AA8}.Debug|Any CPU.ActiveCfg = Debug|Any CPU
		{F645BB77-E343-48E2-B1CA-A1FDB0D47AA8}.Debug|Any CPU.Build.0 = Debug|Any CPU
		{F645BB77-E343-48E2-B1CA-A1FDB0D47AA8}.Release|Any CPU.ActiveCfg = Release|Any CPU
		{F645BB77-E343-48E2-B1CA-A1FDB0D47AA8}.Release|Any CPU.Build.0 = Release|Any CPU
	EndGlobalSection
	GlobalSection(SolutionProperties) = preSolution
		HideSolutionNode = FALSE
	EndGlobalSection
	GlobalSection(ExtensibilityGlobals) = postSolution
		SolutionGuid = {15424F0A-A6F0-407E-83FE-C1E289544BE4}
	EndGlobalSection
EndGlobal
